SITE
  remote: http://community.opscode.com/api/v1
  specs:
    apt (1.9.0)
    build-essential (1.3.4)
    ohai (1.1.8)
    python (1.2.2)
      build-essential (>= 0.0.0)
      yum (>= 0.0.0)
    runit (1.1.0)
      build-essential (>= 0.0.0)
    yum (2.1.0)

GIT
  remote: git://github.com/opscode-cookbooks/gunicorn.git
  ref: master
  sha: 89be74c6b47bdb980ee1d98f9aae6b747f1d11e8
  specs:
    gunicorn (1.1.1)
      python (>= 0.0.0)

GIT
  remote: git://github.com/opscode-cookbooks/nginx.git
  ref: master
  sha: aef8b784687f7d42df2166f4c446b7c5e162f8ad
  specs:
    nginx (1.4.0)
      apt (>= 0.0.0)
      build-essential (>= 0.0.0)
      ohai (>= 1.1.4)
      yum (>= 0.0.0)

DEPENDENCIES
  gunicorn (>= 0)
  nginx (>= 0)
  runit (>= 0)

